
Microsoft Visual Studio Solution File, Format Version 12.00
# Visual Studio Version 17
VisualStudioVersion = 17.7.34031.279
MinimumVisualStudioVersion = 10.0.40219.1
Project("{FAE04EC0-301F-11D3-BF4B-00C04F79EFBC}") = "P5_1_714220038", "P5_1_714220038\P5_1_714220038.csproj", "{3F782692-0772-4334-8D34-9743B586714D}"
EndProject
Global
	GlobalSection(SolutionConfigurationPlatforms) = preSolution
		Debug|Any CPU = Debug|Any CPU
		Release|Any CPU = Release|Any CPU
	EndGlobalSection
	GlobalSection(ProjectConfigurationPlatforms) = postSolution
		{3F782692-0772-4334-8D34-9743B586714D}.Debug|Any CPU.ActiveCfg = Debug|Any CPU
		{3F782692-0772-4334-8D34-9743B586714D}.Debug|Any CPU.Build.0 = Debug|Any CPU
		{3F782692-0772-4334-8D34-9743B586714D}.Release|Any CPU.ActiveCfg = Release|Any CPU
		{3F782692-0772-4334-8D34-9743B586714D}.Release|Any CPU.Build.0 = Release|Any CPU
	EndGlobalSection
	GlobalSection(SolutionProperties) = preSolution
		HideSolutionNode = FALSE
	EndGlobalSection
	GlobalSection(ExtensibilityGlobals) = postSolution
		SolutionGuid = {98CA836D-DE14-4595-8F60-038501B5C7C7}
	EndGlobalSection
EndGlobal
