
Microsoft Visual Studio Solution File, Format Version 12.00
# Visual Studio Version 17
VisualStudioVersion = 17.7.34031.279
MinimumVisualStudioVersion = 10.0.40219.1
Project("{FAE04EC0-301F-11D3-BF4B-00C04F79EFBC}") = "P4_2_714220038", "P4_2_714220038\P4_2_714220038.csproj", "{EE2C0869-F3AD-4F6D-8D96-0AB3F6162A9F}"
EndProject
Global
	GlobalSection(SolutionConfigurationPlatforms) = preSolution
		Debug|Any CPU = Debug|Any CPU
		Release|Any CPU = Release|Any CPU
	EndGlobalSection
	GlobalSection(ProjectConfigurationPlatforms) = postSolution
		{EE2C0869-F3AD-4F6D-8D96-0AB3F6162A9F}.Debug|Any CPU.ActiveCfg = Debug|Any CPU
		{EE2C0869-F3AD-4F6D-8D96-0AB3F6162A9F}.Debug|Any CPU.Build.0 = Debug|Any CPU
		{EE2C0869-F3AD-4F6D-8D96-0AB3F6162A9F}.Release|Any CPU.ActiveCfg = Release|Any CPU
		{EE2C0869-F3AD-4F6D-8D96-0AB3F6162A9F}.Release|Any CPU.Build.0 = Release|Any CPU
	EndGlobalSection
	GlobalSection(SolutionProperties) = preSolution
		HideSolutionNode = FALSE
	EndGlobalSection
	GlobalSection(ExtensibilityGlobals) = postSolution
		SolutionGuid = {96AF1439-A308-43EB-A6A3-3C706E5D4B78}
	EndGlobalSection
EndGlobal
